
Microsoft Visual Studio Solution File, Format Version 12.00
# Visual Studio Version 17
VisualStudioVersion = 17.0.32112.339
MinimumVisualStudioVersion = 10.0.40219.1
Project("{FAE04EC0-301F-11D3-BF4B-00C04F79EFBC}") = "DawnOfHistory", "DawnOfHistory\DawnOfHistory.csproj", "{8FA2CEA3-9149-4C32-8867-C1F09814BCF5}"
EndProject
Global
	GlobalSection(SolutionConfigurationPlatforms) = preSolution
		Debug|Any CPU = Debug|Any CPU
		Release|Any CPU = Release|Any CPU
	EndGlobalSection
	GlobalSection(ProjectConfigurationPlatforms) = postSolution
		{8FA2CEA3-9149-4C32-8867-C1F09814BCF5}.Debug|Any CPU.ActiveCfg = Debug|Any CPU
		{8FA2CEA3-9149-4C32-8867-C1F09814BCF5}.Debug|Any CPU.Build.0 = Debug|Any CPU
		{8FA2CEA3-9149-4C32-8867-C1F09814BCF5}.Release|Any CPU.ActiveCfg = Release|Any CPU
		{8FA2CEA3-9149-4C32-8867-C1F09814BCF5}.Release|Any CPU.Build.0 = Release|Any CPU
	EndGlobalSection
	GlobalSection(SolutionProperties) = preSolution
		HideSolutionNode = FALSE
	EndGlobalSection
	GlobalSection(ExtensibilityGlobals) = postSolution
		SolutionGuid = {CC894B93-51D2-41B4-99EB-4C714031EB31}
	EndGlobalSection
EndGlobal
